// !$*UTF8*$!
{
	archiveVersion = 1;
	classes = {
	};
	objectVersion = 55;
	objects = {

/* Begin PBXBuildFile section */
		DA1CC6B928A3CC1700CE2334 /* constants.swift in Sources */ = {isa = PBXBuildFile; fileRef = DA1CC6B828A3CC1700CE2334 /* constants.swift */; };
		DA5B4FE22892B43000A5738E /* SignUpViewController.swift in Sources */ = {isa = PBXBuildFile; fileRef = DA5B4FE12892B43000A5738E /* SignUpViewController.swift */; };
		DA5B4FE42892B44200A5738E /* SignInViewController.swift in Sources */ = {isa = PBXBuildFile; fileRef = DA5B4FE32892B44200A5738E /* SignInViewController.swift */; };
		DA5B4FE62892B45500A5738E /* HomeScreenViewController.swift in Sources */ = {isa = PBXBuildFile; fileRef = DA5B4FE52892B45500A5738E /* HomeScreenViewController.swift */; };
		DA5B4FEF2892C82200A5738E /* GoogleService-Info.plist in Resources */ = {isa = PBXBuildFile; fileRef = DA5B4FEE2892C82200A5738E /* GoogleService-Info.plist */; };
		DA6CC5C328A50C12000C07DA /* forgetPasswordVC.swift in Sources */ = {isa = PBXBuildFile; fileRef = DA6CC5C228A50C12000C07DA /* forgetPasswordVC.swift */; };
		DABE7FCF2892B2C500857ECE /* AppDelegate.swift in Sources */ = {isa = PBXBuildFile; fileRef = DABE7FCE2892B2C500857ECE /* AppDelegate.swift */; };
		DABE7FD12892B2C500857ECE /* SceneDelegate.swift in Sources */ = {isa = PBXBuildFile; fileRef = DABE7FD02892B2C500857ECE /* SceneDelegate.swift */; };
		DABE7FD32892B2C500857ECE /* ViewController.swift in Sources */ = {isa = PBXBuildFile; fileRef = DABE7FD22892B2C500857ECE /* ViewController.swift */; };
		DABE7FD62892B2C500857ECE /* Main.storyboard in Resources */ = {isa = PBXBuildFile; fileRef = DABE7FD42892B2C500857ECE /* Main.storyboard */; };
		DABE7FD82892B2C600857ECE /* Assets.xcassets in Resources */ = {isa = PBXBuildFile; fileRef = DABE7FD72892B2C600857ECE /* Assets.xcassets */; };
		DABE7FDB2892B2C600857ECE /* LaunchScreen.storyboard in Resources */ = {isa = PBXBuildFile; fileRef = DABE7FD92892B2C600857ECE /* LaunchScreen.storyboard */; };
		DACCEB8B28A2BCA700838807 /* Pods_SignUp_LigIn.framework in Frameworks */ = {isa = PBXBuildFile; fileRef = A3CDF39D1D111F8950C1D424 /* Pods_SignUp_LigIn.framework */; };
		DACE81C4289BD9C70034BA00 /* SignUp.storyboard in Resources */ = {isa = PBXBuildFile; fileRef = DACE81C3289BD9C70034BA00 /* SignUp.storyboard */; };
		DACE81C6289BD9D70034BA00 /* SignIn.storyboard in Resources */ = {isa = PBXBuildFile; fileRef = DACE81C5289BD9D70034BA00 /* SignIn.storyboard */; };
		DACE81C8289BDA300034BA00 /* HomeScreen.storyboard in Resources */ = {isa = PBXBuildFile; fileRef = DACE81C7289BDA300034BA00 /* HomeScreen.storyboard */; };
/* End PBXBuildFile section */

/* Begin PBXFileReference section */
		3CBA78AA887E4C055FEC65EB /* Pods-SignUp-LigIn.debug.xcconfig */ = {isa = PBXFileReference; includeInIndex = 1; lastKnownFileType = text.xcconfig; name = "Pods-SignUp-LigIn.debug.xcconfig"; path = "Target Support Files/Pods-SignUp-LigIn/Pods-SignUp-LigIn.debug.xcconfig"; sourceTree = "<group>"; };
		A3CDF39D1D111F8950C1D424 /* Pods_SignUp_LigIn.framework */ = {isa = PBXFileReference; explicitFileType = wrapper.framework; includeInIndex = 0; path = Pods_SignUp_LigIn.framework; sourceTree = BUILT_PRODUCTS_DIR; };
		DA1CC6B828A3CC1700CE2334 /* constants.swift */ = {isa = PBXFileReference; lastKnownFileType = sourcecode.swift; path = constants.swift; sourceTree = "<group>"; };
		DA5B4FE12892B43000A5738E /* SignUpViewController.swift */ = {isa = PBXFileReference; lastKnownFileType = sourcecode.swift; path = SignUpViewController.swift; sourceTree = "<group>"; };
		DA5B4FE32892B44200A5738E /* SignInViewController.swift */ = {isa = PBXFileReference; lastKnownFileType = sourcecode.swift; path = SignInViewController.swift; sourceTree = "<group>"; };
		DA5B4FE52892B45500A5738E /* HomeScreenViewController.swift */ = {isa = PBXFileReference; lastKnownFileType = sourcecode.swift; path = HomeScreenViewController.swift; sourceTree = "<group>"; };
		DA5B4FEE2892C82200A5738E /* GoogleService-Info.plist */ = {isa = PBXFileReference; fileEncoding = 4; lastKnownFileType = text.plist.xml; path = "GoogleService-Info.plist"; sourceTree = "<group>"; };
		DA6CC5C228A50C12000C07DA /* forgetPasswordVC.swift */ = {isa = PBXFileReference; lastKnownFileType = sourcecode.swift; path = forgetPasswordVC.swift; sourceTree = "<group>"; };
		DABE7FCB2892B2C500857ECE /* SignUp-LigIn.app */ = {isa = PBXFileReference; explicitFileType = wrapper.application; includeInIndex = 0; path = "SignUp-LigIn.app"; sourceTree = BUILT_PRODUCTS_DIR; };
		DABE7FCE2892B2C500857ECE /* AppDelegate.swift */ = {isa = PBXFileReference; lastKnownFileType = sourcecode.swift; path = AppDelegate.swift; sourceTree = "<group>"; };
		DABE7FD02892B2C500857ECE /* SceneDelegate.swift */ = {isa = PBXFileReference; lastKnownFileType = sourcecode.swift; path = SceneDelegate.swift; sourceTree = "<group>"; };
		DABE7FD22892B2C500857ECE /* ViewController.swift */ = {isa = PBXFileReference; lastKnownFileType = sourcecode.swift; path = ViewController.swift; sourceTree = "<group>"; };
		DABE7FD52892B2C500857ECE /* Base */ = {isa = PBXFileReference; lastKnownFileType = file.storyboard; name = Base; path = Base.lproj/Main.storyboard; sourceTree = "<group>"; };
		DABE7FD72892B2C600857ECE /* Assets.xcassets */ = {isa = PBXFileReference; lastKnownFileType = folder.assetcatalog; path = Assets.xcassets; sourceTree = "<group>"; };
		DABE7FDA2892B2C600857ECE /* Base */ = {isa = PBXFileReference; lastKnownFileType = file.storyboard; name = Base; path = Base.lproj/LaunchScreen.storyboard; sourceTree = "<group>"; };
		DABE7FDC2892B2C600857ECE /* Info.plist */ = {isa = PBXFileReference; lastKnownFileType = text.plist.xml; path = Info.plist; sourceTree = "<group>"; };
		DACE81C3289BD9C70034BA00 /* SignUp.storyboard */ = {isa = PBXFileReference; lastKnownFileType = file.storyboard; path = SignUp.storyboard; sourceTree = "<group>"; };
		DACE81C5289BD9D70034BA00 /* SignIn.storyboard */ = {isa = PBXFileReference; lastKnownFileType = file.storyboard; path = SignIn.storyboard; sourceTree = "<group>"; };
		DACE81C7289BDA300034BA00 /* HomeScreen.storyboard */ = {isa = PBXFileReference; lastKnownFileType = file.storyboard; path = HomeScreen.storyboard; sourceTree = "<group>"; };
		E32910E8B0E9C2D24C4ACBD7 /* Pods-SignUp-LigIn.release.xcconfig */ = {isa = PBXFileReference; includeInIndex = 1; lastKnownFileType = text.xcconfig; name = "Pods-SignUp-LigIn.release.xcconfig"; path = "Target Support Files/Pods-SignUp-LigIn/Pods-SignUp-LigIn.release.xcconfig"; sourceTree = "<group>"; };
/* End PBXFileReference section */

/* Begin PBXFrameworksBuildPhase section */
		DABE7FC82892B2C500857ECE /* Frameworks */ = {
			isa = PBXFrameworksBuildPhase;
			buildActionMask = 2147483647;
			files = (
				DACCEB8B28A2BCA700838807 /* Pods_SignUp_LigIn.framework in Frameworks */,
			);
			runOnlyForDeploymentPostprocessing = 0;
		};
/* End PBXFrameworksBuildPhase section */

/* Begin PBXGroup section */
		8900391093C92FE6461794BA /* Frameworks */ = {
			isa = PBXGroup;
			children = (
				A3CDF39D1D111F8950C1D424 /* Pods_SignUp_LigIn.framework */,
			);
			name = Frameworks;
			sourceTree = "<group>";
		};
		A365401DBC53AA16E40043F7 /* Pods */ = {
			isa = PBXGroup;
			children = (
				3CBA78AA887E4C055FEC65EB /* Pods-SignUp-LigIn.debug.xcconfig */,
				E32910E8B0E9C2D24C4ACBD7 /* Pods-SignUp-LigIn.release.xcconfig */,
			);
			path = Pods;
			sourceTree = "<group>";
		};
		DA1CC6B728A3CC0000CE2334 /* Helpers */ = {
			isa = PBXGroup;
			children = (
				DA1CC6B828A3CC1700CE2334 /* constants.swift */,
			);
			path = Helpers;
			sourceTree = "<group>";
		};
		DABE7FC22892B2C500857ECE = {
			isa = PBXGroup;
			children = (
				DABE7FCD2892B2C500857ECE /* SignUp-LigIn */,
				DABE7FCC2892B2C500857ECE /* Products */,
				A365401DBC53AA16E40043F7 /* Pods */,
				8900391093C92FE6461794BA /* Frameworks */,
			);
			sourceTree = "<group>";
		};
		DABE7FCC2892B2C500857ECE /* Products */ = {
			isa = PBXGroup;
			children = (
				DABE7FCB2892B2C500857ECE /* SignUp-LigIn.app */,
			);
			name = Products;
			sourceTree = "<group>";
		};
		DABE7FCD2892B2C500857ECE /* SignUp-LigIn */ = {
			isa = PBXGroup;
			children = (
				DA1CC6B728A3CC0000CE2334 /* Helpers */,
				DABE7FCE2892B2C500857ECE /* AppDelegate.swift */,
				DABE7FD02892B2C500857ECE /* SceneDelegate.swift */,
				DABE7FD22892B2C500857ECE /* ViewController.swift */,
				DABE7FD42892B2C500857ECE /* Main.storyboard */,
				DA5B4FEE2892C82200A5738E /* GoogleService-Info.plist */,
				DACE81C1289BD95D0034BA00 /* SignUp */,
				DACE81C2289BD9860034BA00 /* SignIn */,
				DABE7FE22892B2DD00857ECE /* HomeScreen */,
				DABE7FD72892B2C600857ECE /* Assets.xcassets */,
				DABE7FDC2892B2C600857ECE /* Info.plist */,
			);
			path = "SignUp-LigIn";
			sourceTree = "<group>";
		};
		DABE7FE22892B2DD00857ECE /* HomeScreen */ = {
			isa = PBXGroup;
			children = (
				DA5B4FE52892B45500A5738E /* HomeScreenViewController.swift */,
				DACE81C7289BDA300034BA00 /* HomeScreen.storyboard */,
				DABE7FD92892B2C600857ECE /* LaunchScreen.storyboard */,
			);
			path = HomeScreen;
			sourceTree = "<group>";
		};
		DACE81C1289BD95D0034BA00 /* SignUp */ = {
			isa = PBXGroup;
			children = (
				DA5B4FE12892B43000A5738E /* SignUpViewController.swift */,
				DACE81C3289BD9C70034BA00 /* SignUp.storyboard */,
			);
			path = SignUp;
			sourceTree = "<group>";
		};
		DACE81C2289BD9860034BA00 /* SignIn */ = {
			isa = PBXGroup;
			children = (
				DA5B4FE32892B44200A5738E /* SignInViewController.swift */,
				DA6CC5C228A50C12000C07DA /* forgetPasswordVC.swift */,
				DACE81C5289BD9D70034BA00 /* SignIn.storyboard */,
			);
			path = SignIn;
			sourceTree = "<group>";
		};
/* End PBXGroup section */

/* Begin PBXNativeTarget section */
		DABE7FCA2892B2C500857ECE /* SignUp-LigIn */ = {
			isa = PBXNativeTarget;
			buildConfigurationList = DABE7FDF2892B2C600857ECE /* Build configuration list for PBXNativeTarget "SignUp-LigIn" */;
			buildPhases = (
				C3911EDE7C0A0E68906182EC /* [CP] Check Pods Manifest.lock */,
				DABE7FC72892B2C500857ECE /* Sources */,
				DABE7FC82892B2C500857ECE /* Frameworks */,
				DABE7FC92892B2C500857ECE /* Resources */,
				6F937FC2182E25C56385440A /* [CP] Embed Pods Frameworks */,
			);
			buildRules = (
			);
			dependencies = (
			);
			name = "SignUp-LigIn";
			packageProductDependencies = (
			);
			productName = "SignUp-LigIn";
			productReference = DABE7FCB2892B2C500857ECE /* SignUp-LigIn.app */;
			productType = "com.apple.product-type.application";
		};
/* End PBXNativeTarget section */

/* Begin PBXProject section */
		DABE7FC32892B2C500857ECE /* Project object */ = {
			isa = PBXProject;
			attributes = {
				BuildIndependentTargetsInParallel = 1;
				LastSwiftUpdateCheck = 1340;
				LastUpgradeCheck = 1340;
				TargetAttributes = {
					DABE7FCA2892B2C500857ECE = {
						CreatedOnToolsVersion = 13.4;
					};
				};
			};
			buildConfigurationList = DABE7FC62892B2C500857ECE /* Build configuration list for PBXProject "SignUp-LigIn" */;
			compatibilityVersion = "Xcode 13.0";
			developmentRegion = en;
			hasScannedForEncodings = 0;
			knownRegions = (
				en,
				Base,
			);
			mainGroup = DABE7FC22892B2C500857ECE;
			packageReferences = (
				DA5B4FF02892C96500A5738E /* XCRemoteSwiftPackageReference "firebase-ios-sdk" */,
			);
			productRefGroup = DABE7FCC2892B2C500857ECE /* Products */;
			projectDirPath = "";
			projectRoot = "";
			targets = (
				DABE7FCA2892B2C500857ECE /* SignUp-LigIn */,
			);
		};
/* End PBXProject section */

/* Begin PBXResourcesBuildPhase section */
		DABE7FC92892B2C500857ECE /* Resources */ = {
			isa = PBXResourcesBuildPhase;
			buildActionMask = 2147483647;
			files = (
				DABE7FDB2892B2C600857ECE /* LaunchScreen.storyboard in Resources */,
				DA5B4FEF2892C82200A5738E /* GoogleService-Info.plist in Resources */,
				DABE7FD82892B2C600857ECE /* Assets.xcassets in Resources */,
				DACE81C8289BDA300034BA00 /* HomeScreen.storyboard in Resources */,
				DABE7FD62892B2C500857ECE /* Main.storyboard in Resources */,
				DACE81C6289BD9D70034BA00 /* SignIn.storyboard in Resources */,
				DACE81C4289BD9C70034BA00 /* SignUp.storyboard in Resources */,
			);
			runOnlyForDeploymentPostprocessing = 0;
		};
/* End PBXResourcesBuildPhase section */

/* Begin PBXShellScriptBuildPhase section */
		6F937FC2182E25C56385440A /* [CP] Embed Pods Frameworks */ = {
			isa = PBXShellScriptBuildPhase;
			buildActionMask = 2147483647;
			files = (
			);
			inputFileListPaths = (
				"${PODS_ROOT}/Target Support Files/Pods-SignUp-LigIn/Pods-SignUp-LigIn-frameworks-${CONFIGURATION}-input-files.xcfilelist",
			);
			name = "[CP] Embed Pods Frameworks";
			outputFileListPaths = (
				"${PODS_ROOT}/Target Support Files/Pods-SignUp-LigIn/Pods-SignUp-LigIn-frameworks-${CONFIGURATION}-output-files.xcfilelist",
			);
			runOnlyForDeploymentPostprocessing = 0;
			shellPath = /bin/sh;
			shellScript = "\"${PODS_ROOT}/Target Support Files/Pods-SignUp-LigIn/Pods-SignUp-LigIn-frameworks.sh\"\n";
			showEnvVarsInLog = 0;
		};
		C3911EDE7C0A0E68906182EC /* [CP] Check Pods Manifest.lock */ = {
			isa = PBXShellScriptBuildPhase;
			buildActionMask = 2147483647;
			files = (
			);
			inputFileListPaths = (
			);
			inputPaths = (
				"${PODS_PODFILE_DIR_PATH}/Podfile.lock",
				"${PODS_ROOT}/Manifest.lock",
			);
			name = "[CP] Check Pods Manifest.lock";
			outputFileListPaths = (
			);
			outputPaths = (
				"$(DERIVED_FILE_DIR)/Pods-SignUp-LigIn-checkManifestLockResult.txt",
			);
			runOnlyForDeploymentPostprocessing = 0;
			shellPath = /bin/sh;
			shellScript = "diff \"${PODS_PODFILE_DIR_PATH}/Podfile.lock\" \"${PODS_ROOT}/Manifest.lock\" > /dev/null\nif [ $? != 0 ] ; then\n    # print error to STDERR\n    echo \"error: The sandbox is not in sync with the Podfile.lock. Run 'pod install' or update your CocoaPods installation.\" >&2\n    exit 1\nfi\n# This output is used by Xcode 'outputs' to avoid re-running this script phase.\necho \"SUCCESS\" > \"${SCRIPT_OUTPUT_FILE_0}\"\n";
			showEnvVarsInLog = 0;
		};
/* End PBXShellScriptBuildPhase section */

/* Begin PBXSourcesBuildPhase section */
		DABE7FC72892B2C500857ECE /* Sources */ = {
			isa = PBXSourcesBuildPhase;
			buildActionMask = 2147483647;
			files = (
				DABE7FD32892B2C500857ECE /* ViewController.swift in Sources */,
				DABE7FCF2892B2C500857ECE /* AppDelegate.swift in Sources */,
				DA5B4FE22892B43000A5738E /* SignUpViewController.swift in Sources */,
				DA1CC6B928A3CC1700CE2334 /* constants.swift in Sources */,
				DA6CC5C328A50C12000C07DA /* forgetPasswordVC.swift in Sources */,
				DA5B4FE42892B44200A5738E /* SignInViewController.swift in Sources */,
				DABE7FD12892B2C500857ECE /* SceneDelegate.swift in Sources */,
				DA5B4FE62892B45500A5738E /* HomeScreenViewController.swift in Sources */,
			);
			runOnlyForDeploymentPostprocessing = 0;
		};
/* End PBXSourcesBuildPhase section */

/* Begin PBXVariantGroup section */
		DABE7FD42892B2C500857ECE /* Main.storyboard */ = {
			isa = PBXVariantGroup;
			children = (
				DABE7FD52892B2C500857ECE /* Base */,
			);
			name = Main.storyboard;
			sourceTree = "<group>";
		};
		DABE7FD92892B2C600857ECE /* LaunchScreen.storyboard */ = {
			isa = PBXVariantGroup;
			children = (
				DABE7FDA2892B2C600857ECE /* Base */,
			);
			name = LaunchScreen.storyboard;
			sourceTree = "<group>";
		};
/* End PBXVariantGroup section */

/* Begin XCBuildConfiguration section */
		DABE7FDD2892B2C600857ECE /* Debug */ = {
			isa = XCBuildConfiguration;
			buildSettings = {
				ALWAYS_SEARCH_USER_PATHS = NO;
				CLANG_ANALYZER_NONNULL = YES;
				CLANG_ANALYZER_NUMBER_OBJECT_CONVERSION = YES_AGGRESSIVE;
				CLANG_CXX_LANGUAGE_STANDARD = "gnu++17";
				CLANG_ENABLE_MODULES = YES;
				CLANG_ENABLE_OBJC_ARC = YES;
				CLANG_ENABLE_OBJC_WEAK = YES;
				CLANG_WARN_BLOCK_CAPTURE_AUTORELEASING = YES;
				CLANG_WARN_BOOL_CONVERSION = YES;
				CLANG_WARN_COMMA = YES;
				CLANG_WARN_CONSTANT_CONVERSION = YES;
				CLANG_WARN_DEPRECATED_OBJC_IMPLEMENTATIONS = YES;
				CLANG_WARN_DIRECT_OBJC_ISA_USAGE = YES_ERROR;
				CLANG_WARN_DOCUMENTATION_COMMENTS = YES;
				CLANG_WARN_EMPTY_BODY = YES;
				CLANG_WARN_ENUM_CONVERSION = YES;
				CLANG_WARN_INFINITE_RECURSION = YES;
				CLANG_WARN_INT_CONVERSION = YES;
				CLANG_WARN_NON_LITERAL_NULL_CONVERSION = YES;
				CLANG_WARN_OBJC_IMPLICIT_RETAIN_SELF = YES;
				CLANG_WARN_OBJC_LITERAL_CONVERSION = YES;
				CLANG_WARN_OBJC_ROOT_CLASS = YES_ERROR;
				CLANG_WARN_QUOTED_INCLUDE_IN_FRAMEWORK_HEADER = YES;
				CLANG_WARN_RANGE_LOOP_ANALYSIS = YES;
				CLANG_WARN_STRICT_PROTOTYPES = YES;
				CLANG_WARN_SUSPICIOUS_MOVE = YES;
				CLANG_WARN_UNGUARDED_AVAILABILITY = YES_AGGRESSIVE;
				CLANG_WARN_UNREACHABLE_CODE = YES;
				CLANG_WARN__DUPLICATE_METHOD_MATCH = YES;
				COPY_PHASE_STRIP = NO;
				DEBUG_INFORMATION_FORMAT = dwarf;
				ENABLE_STRICT_OBJC_MSGSEND = YES;
				ENABLE_TESTABILITY = YES;
				GCC_C_LANGUAGE_STANDARD = gnu11;
				GCC_DYNAMIC_NO_PIC = NO;
				GCC_NO_COMMON_BLOCKS = YES;
				GCC_OPTIMIZATION_LEVEL = 0;
				GCC_PREPROCESSOR_DEFINITIONS = (
					"DEBUG=1",
					"$(inherited)",
				);
				GCC_WARN_64_TO_32_BIT_CONVERSION = YES;
				GCC_WARN_ABOUT_RETURN_TYPE = YES_ERROR;
				GCC_WARN_UNDECLARED_SELECTOR = YES;
				GCC_WARN_UNINITIALIZED_AUTOS = YES_AGGRESSIVE;
				GCC_WARN_UNUSED_FUNCTION = YES;
				GCC_WARN_UNUSED_VARIABLE = YES;
				IPHONEOS_DEPLOYMENT_TARGET = 15.5;
				MTL_ENABLE_DEBUG_INFO = INCLUDE_SOURCE;
				MTL_FAST_MATH = YES;
				ONLY_ACTIVE_ARCH = YES;
				SDKROOT = iphoneos;
				SWIFT_ACTIVE_COMPILATION_CONDITIONS = DEBUG;
				SWIFT_OPTIMIZATION_LEVEL = "-Onone";
			};
			name = Debug;
		};
		DABE7FDE2892B2C600857ECE /* Release */ = {
			isa = XCBuildConfiguration;
			buildSettings = {
				ALWAYS_SEARCH_USER_PATHS = NO;
				CLANG_ANALYZER_NONNULL = YES;
				CLANG_ANALYZER_NUMBER_OBJECT_CONVERSION = YES_AGGRESSIVE;
				CLANG_CXX_LANGUAGE_STANDARD = "gnu++17";
				CLANG_ENABLE_MODULES = YES;
				CLANG_ENABLE_OBJC_ARC = YES;
				CLANG_ENABLE_OBJC_WEAK = YES;
				CLANG_WARN_BLOCK_CAPTURE_AUTORELEASING = YES;
				CLANG_WARN_BOOL_CONVERSION = YES;
				CLANG_WARN_COMMA = YES;
				CLANG_WARN_CONSTANT_CONVERSION = YES;
				CLANG_WARN_DEPRECATED_OBJC_IMPLEMENTATIONS = YES;
				CLANG_WARN_DIRECT_OBJC_ISA_USAGE = YES_ERROR;
				CLANG_WARN_DOCUMENTATION_COMMENTS = YES;
				CLANG_WARN_EMPTY_BODY = YES;
				CLANG_WARN_ENUM_CONVERSION = YES;
				CLANG_WARN_INFINITE_RECURSION = YES;
				CLANG_WARN_INT_CONVERSION = YES;
				CLANG_WARN_NON_LITERAL_NULL_CONVERSION = YES;
				CLANG_WARN_OBJC_IMPLICIT_RETAIN_SELF = YES;
				CLANG_WARN_OBJC_LITERAL_CONVERSION = YES;
				CLANG_WARN_OBJC_ROOT_CLASS = YES_ERROR;
				CLANG_WARN_QUOTED_INCLUDE_IN_FRAMEWORK_HEADER = YES;
				CLANG_WARN_RANGE_LOOP_ANALYSIS = YES;
				CLANG_WARN_STRICT_PROTOTYPES = YES;
				CLANG_WARN_SUSPICIOUS_MOVE = YES;
				CLANG_WARN_UNGUARDED_AVAILABILITY = YES_AGGRESSIVE;
				CLANG_WARN_UNREACHABLE_CODE = YES;
				CLANG_WARN__DUPLICATE_METHOD_MATCH = YES;
				COPY_PHASE_STRIP = NO;
				DEBUG_INFORMATION_FORMAT = "dwarf-with-dsym";
				ENABLE_NS_ASSERTIONS = NO;
				ENABLE_STRICT_OBJC_MSGSEND = YES;
				GCC_C_LANGUAGE_STANDARD = gnu11;
				GCC_NO_COMMON_BLOCKS = YES;
				GCC_WARN_64_TO_32_BIT_CONVERSION = YES;
				GCC_WARN_ABOUT_RETURN_TYPE = YES_ERROR;
				GCC_WARN_UNDECLARED_SELECTOR = YES;
				GCC_WARN_UNINITIALIZED_AUTOS = YES_AGGRESSIVE;
				GCC_WARN_UNUSED_FUNCTION = YES;
				GCC_WARN_UNUSED_VARIABLE = YES;
				IPHONEOS_DEPLOYMENT_TARGET = 15.5;
				MTL_ENABLE_DEBUG_INFO = NO;
				MTL_FAST_MATH = YES;
				SDKROOT = iphoneos;
				SWIFT_COMPILATION_MODE = wholemodule;
				SWIFT_OPTIMIZATION_LEVEL = "-O";
				VALIDATE_PRODUCT = YES;
			};
			name = Release;
		};
		DABE7FE02892B2C600857ECE /* Debug */ = {
			isa = XCBuildConfiguration;
			baseConfigurationReference = 3CBA78AA887E4C055FEC65EB /* Pods-SignUp-LigIn.debug.xcconfig */;
			buildSettings = {
				ASSETCATALOG_COMPILER_APPICON_NAME = AppIcon;
				ASSETCATALOG_COMPILER_GLOBAL_ACCENT_COLOR_NAME = AccentColor;
				CODE_SIGN_STYLE = Automatic;
				CURRENT_PROJECT_VERSION = 1;
				DEVELOPMENT_TEAM = 99DHWD3679;
				GENERATE_INFOPLIST_FILE = YES;
				INFOPLIST_FILE = "SignUp-LigIn/Info.plist";
				INFOPLIST_KEY_UIApplicationSupportsIndirectInputEvents = YES;
				INFOPLIST_KEY_UILaunchStoryboardName = LaunchScreen;
				INFOPLIST_KEY_UIMainStoryboardFile = Main;
				INFOPLIST_KEY_UISupportedInterfaceOrientations = UIInterfaceOrientationPortrait;
				INFOPLIST_KEY_UISupportedInterfaceOrientations_iPad = "UIInterfaceOrientationPortrait UIInterfaceOrientationPortraitUpsideDown UIInterfaceOrientationLandscapeLeft UIInterfaceOrientationLandscapeRight";
				INFOPLIST_KEY_UISupportedInterfaceOrientations_iPhone = "UIInterfaceOrientationPortrait UIInterfaceOrientationLandscapeLeft UIInterfaceOrientationLandscapeRight";
				IPHONEOS_DEPLOYMENT_TARGET = 15.0;
				LD_RUNPATH_SEARCH_PATHS = (
					"$(inherited)",
					"@executable_path/Frameworks",
				);
				MARKETING_VERSION = 1.0;
				PRODUCT_BUNDLE_IDENTIFIER = "FABIO.SignUp-LigIn";
				PRODUCT_NAME = "$(TARGET_NAME)";
				SWIFT_EMIT_LOC_STRINGS = YES;
				SWIFT_VERSION = 5.0;
				TARGETED_DEVICE_FAMILY = "1,2";
			};
			name = Debug;
		};
		DABE7FE12892B2C600857ECE /* Release */ = {
			isa = XCBuildConfiguration;
			baseConfigurationReference = E32910E8B0E9C2D24C4ACBD7 /* Pods-SignUp-LigIn.release.xcconfig */;
			buildSettings = {
				ASSETCATALOG_COMPILER_APPICON_NAME = AppIcon;
				ASSETCATALOG_COMPILER_GLOBAL_ACCENT_COLOR_NAME = AccentColor;
				CODE_SIGN_STYLE = Automatic;
				CURRENT_PROJECT_VERSION = 1;
				DEVELOPMENT_TEAM = 99DHWD3679;
				GENERATE_INFOPLIST_FILE = YES;
				INFOPLIST_FILE = "SignUp-LigIn/Info.plist";
				INFOPLIST_KEY_UIApplicationSupportsIndirectInputEvents = YES;
				INFOPLIST_KEY_UILaunchStoryboardName = LaunchScreen;
				INFOPLIST_KEY_UIMainStoryboardFile = Main;
				INFOPLIST_KEY_UISupportedInterfaceOrientations = UIInterfaceOrientationPortrait;
				INFOPLIST_KEY_UISupportedInterfaceOrientations_iPad = "UIInterfaceOrientationPortrait UIInterfaceOrientationPortraitUpsideDown UIInterfaceOrientationLandscapeLeft UIInterfaceOrientationLandscapeRight";
				INFOPLIST_KEY_UISupportedInterfaceOrientations_iPhone = "UIInterfaceOrientationPortrait UIInterfaceOrientationLandscapeLeft UIInterfaceOrientationLandscapeRight";
				IPHONEOS_DEPLOYMENT_TARGET = 15.0;
				LD_RUNPATH_SEARCH_PATHS = (
					"$(inherited)",
					"@executable_path/Frameworks",
				);
				MARKETING_VERSION = 1.0;
				PRODUCT_BUNDLE_IDENTIFIER = "FABIO.SignUp-LigIn";
				PRODUCT_NAME = "$(TARGET_NAME)";
				SWIFT_EMIT_LOC_STRINGS = YES;
				SWIFT_VERSION = 5.0;
				TARGETED_DEVICE_FAMILY = "1,2";
			};
			name = Release;
		};
/* End XCBuildConfiguration section */

/* Begin XCConfigurationList section */
		DABE7FC62892B2C500857ECE /* Build configuration list for PBXProject "SignUp-LigIn" */ = {
			isa = XCConfigurationList;
			buildConfigurations = (
				DABE7FDD2892B2C600857ECE /* Debug */,
				DABE7FDE2892B2C600857ECE /* Release */,
			);
			defaultConfigurationIsVisible = 0;
			defaultConfigurationName = Release;
		};
		DABE7FDF2892B2C600857ECE /* Build configuration list for PBXNativeTarget "SignUp-LigIn" */ = {
			isa = XCConfigurationList;
			buildConfigurations = (
				DABE7FE02892B2C600857ECE /* Debug */,
				DABE7FE12892B2C600857ECE /* Release */,
			);
			defaultConfigurationIsVisible = 0;
			defaultConfigurationName = Release;
		};
/* End XCConfigurationList section */

/* Begin XCRemoteSwiftPackageReference section */
		DA5B4FF02892C96500A5738E /* XCRemoteSwiftPackageReference "firebase-ios-sdk" */ = {
			isa = XCRemoteSwiftPackageReference;
			repositoryURL = "https://github.com/firebase/firebase-ios-sdk";
			requirement = {
				kind = upToNextMajorVersion;
				minimumVersion = 9.0.0;
			};
		};
/* End XCRemoteSwiftPackageReference section */
	};
	rootObject = DABE7FC32892B2C500857ECE /* Project object */;
}
